{
    "_readme": [
        "This file locks the dependencies of your project to a known state",
        "Read more about it at https://getcomposer.org/doc/01-basic-usage.md#composer-lock-the-lock-file",
        "This file is @generated automatically"
    ],
    "hash": "deeeccb16f768b47a9d9ec7dfa51a5bb",
    "content-hash": "b03022be9c502c8f0d17c6d8a4ec11ad",
    "packages": [
        {
            "name": "paragonie/csp-builder",
            "version": "v1.3.1",
            "source": {
                "type": "git",
                "url": "https://github.com/paragonie/csp-builder.git",
                "reference": "f8f19dd217cb1b2a13b49ee0a5c5ad7595d1b674"
            },
            "dist": {
                "type": "zip",
                "url": "https://api.github.com/repos/paragonie/csp-builder/zipball/f8f19dd217cb1b2a13b49ee0a5c5ad7595d1b674",
                "reference": "f8f19dd217cb1b2a13b49ee0a5c5ad7595d1b674",
                "shasum": ""
            },
            "require": {
                "paragonie/random_compat": "^1.1.4",
                "php": "^5.5|^7.0"
            },
            "require-dev": {
                "phpunit/phpunit": "4.*|5.*"
            },
            "suggest": {
                "psr/http-message": "For CSPBuilder::injectCSPHeader()"
            },
            "type": "library",
            "autoload": {
                "psr-4": {
                    "ParagonIE\\CSPBuilder\\": "src"
                }
            },
            "notification-url": "https://packagist.org/downloads/",
            "license": [
                "MIT"
            ],
            "authors": [
                {
                    "name": "Paragon Initiative Enterprises",
                    "email": "security@paragonie.com",
                    "homepage": "https://paragonie.com",
                    "role": "Owner"
                }
            ],
            "description": "Easily add and update Content-Security-Policy headers for your project",
            "keywords": [
                "content-security-policy",
                "csp",
                "xss"
            ],
            "time": "2016-02-17 02:23:31"
        },
        {
            "name": "paragonie/random_compat",
            "version": "v1.4.1",
            "source": {
                "type": "git",
                "url": "https://github.com/paragonie/random_compat.git",
                "reference": "c7e26a21ba357863de030f0b9e701c7d04593774"
            },
            "dist": {
                "type": "zip",
                "url": "https://api.github.com/repos/paragonie/random_compat/zipball/c7e26a21ba357863de030f0b9e701c7d04593774",
                "reference": "c7e26a21ba357863de030f0b9e701c7d04593774",
                "shasum": ""
            },
            "require": {
                "php": ">=5.2.0"
            },
            "require-dev": {
                "phpunit/phpunit": "4.*|5.*"
            },
            "suggest": {
                "ext-libsodium": "Provides a modern crypto API that can be used to generate random bytes."
            },
            "type": "library",
            "autoload": {
                "files": [
                    "lib/random.php"
                ]
            },
            "notification-url": "https://packagist.org/downloads/",
            "license": [
                "MIT"
            ],
            "authors": [
                {
                    "name": "Paragon Initiative Enterprises",
                    "email": "security@paragonie.com",
                    "homepage": "https://paragonie.com"
                }
            ],
            "description": "PHP 5.x polyfill for random_bytes() and random_int() from PHP 7",
            "keywords": [
                "csprng",
                "pseudorandom",
                "random"
            ],
            "time": "2016-03-18 20:34:03"
        }
    ],
    "packages-dev": [],
    "aliases": [],
    "minimum-stability": "stable",
    "stability-flags": [],
    "prefer-stable": false,
    "prefer-lowest": false,
    "platform": [],
    "platform-dev": []
}
